schema: '2.0'
stages:
  load_data:
    cmd: python src/load_data.py --config=params.yaml
    deps:
    - path: data_given/winequality.csv
      md5: ccc8d3507eb151f53f760d36abdef888
      size: 91998
    - path: src/get_data.py
      md5: eb2e02b40e437c58d81077e06a10bffc
      size: 697
    - path: src/load_data.py
      md5: 2ad9c221e396894f09dda452d9fa073d
      size: 711
    outs:
    - path: data/raw/winequality.csv
      md5: dcb9f7736a81b73cf4cf803b5ef3f07e
      size: 102550
  split_data:
    cmd: python src/split_data.py --config=params.yaml
    deps:
    - path: data/raw/winequality.csv
      md5: dcb9f7736a81b73cf4cf803b5ef3f07e
      size: 102550
    - path: src/split_data.py
      md5: 7b3bef4c757f288efc3b7aeb56079935
      size: 1054
    outs:
    - path: data/processed/test_winequality.csv
      md5: 99fc43d00d3971a6633ce4e59539b208
      size: 19452
    - path: data/processed/train_winequality.csv
      md5: 58170dda29334b753f5ae23307863246
      size: 77315
  train_and_evaluate:
    cmd: python src/train_and_evaluate.py --config=params.yaml
    deps:
    - path: data/processed/test_winequality.csv
      md5: 99fc43d00d3971a6633ce4e59539b208
      size: 19452
    - path: data/processed/train_winequality.csv
      md5: 58170dda29334b753f5ae23307863246
      size: 77315
    - path: src/train_and_evaluate.py
      md5: cbd7eeff7a305e7183ceb157910c5af9
      size: 2668
    params:
      params.yaml:
        estimators.ElasticNet.params.alpha: 0.9
        estimators.ElasticNet.params.l1_ratio: 0.4
    outs:
    - path: report/params.json
      md5: a4aab0167612f21a6085dd05cfafdbf6
      size: 44
    - path: report/scores.json
      md5: a5451b9336776c49398b7a053bac16b2
      size: 100
    - path: saved_models/model.joblib
      md5: 174324173c0ae2f8bca90d5cdc70fda8
      size: 798
